{
<<<<<<< HEAD
    "name": "roblox-boilerplate",
=======
    "name": "ia-tests",
>>>>>>> 5a2f2bb (.)
    "lockfileVersion": 3,
    "requires": true,
    "packages": {
        "": {
            "devDependencies": {
<<<<<<< HEAD
                "cloc": "^2.6.0-cloc",
=======
>>>>>>> 5a2f2bb (.)
                "prettier-plugin-toml": "^2.0.6"
            }
        },
        "node_modules/@taplo/core": {
            "version": "0.2.0",
            "resolved": "https://registry.npmjs.org/@taplo/core/-/core-0.2.0.tgz",
            "integrity": "sha512-r8bl54Zj1In3QLkiW/ex694bVzpPJ9EhwqT9xkcUVODnVUGirdB1JTsmiIv0o1uwqZiwhi8xNnTOQBRQCpizrQ==",
            "dev": true,
            "license": "MIT"
        },
        "node_modules/@taplo/lib": {
            "version": "0.5.0",
            "resolved": "https://registry.npmjs.org/@taplo/lib/-/lib-0.5.0.tgz",
            "integrity": "sha512-+xIqpQXJco3T+VGaTTwmhxLa51qpkQxCjRwezjFZgr+l21ExlywJFcDfTrNmL6lG6tqb0h8GyJKO3UPGPtSCWg==",
            "dev": true,
            "license": "MIT",
            "dependencies": {
                "@taplo/core": "^0.2.0"
            }
        },
<<<<<<< HEAD
        "node_modules/cloc": {
            "version": "2.6.0-cloc",
            "resolved": "https://registry.npmjs.org/cloc/-/cloc-2.6.0-cloc.tgz",
            "integrity": "sha512-fCHPvFN6I7WmC005u99WqLxqWnWhEra0YCppc2k8lpRZrPFIEaHaNxgJ+funlSRIZMSIOqxwpt7pmEKDPFCz2g==",
            "dev": true,
            "license": "GPL-2.0",
            "bin": {
                "cloc": "lib/cloc"
            }
        },
=======
>>>>>>> 5a2f2bb (.)
        "node_modules/prettier": {
            "version": "3.8.0",
            "resolved": "https://registry.npmjs.org/prettier/-/prettier-3.8.0.tgz",
            "integrity": "sha512-yEPsovQfpxYfgWNhCfECjG5AQaO+K3dp6XERmOepyPDVqcJm+bjyCVO3pmU+nAPe0N5dDvekfGezt/EIiRe1TA==",
            "dev": true,
            "license": "MIT",
            "peer": true,
            "bin": {
                "prettier": "bin/prettier.cjs"
            },
            "engines": {
                "node": ">=14"
            },
            "funding": {
                "url": "https://github.com/prettier/prettier?sponsor=1"
            }
        },
        "node_modules/prettier-plugin-toml": {
            "version": "2.0.6",
            "resolved": "https://registry.npmjs.org/prettier-plugin-toml/-/prettier-plugin-toml-2.0.6.tgz",
            "integrity": "sha512-12N/wBuHa9jd/KVy9pRP20NMKxQfQLMseQCt66lIbLaPLItvGUcSIryE1eZZMJ7loSws6Ig3M2Elc2EreNh76w==",
            "dev": true,
            "license": "MIT",
            "dependencies": {
                "@taplo/lib": "^0.5.0"
            },
            "engines": {
                "node": ">=16.0.0"
            },
            "funding": {
                "url": "https://opencollective.com/unts"
            },
            "peerDependencies": {
                "prettier": "^3.0.3"
            }
        }
    }
}
